// !$*UTF8*$!
{
	archiveVersion = 1;
	classes = {
	};
	objectVersion = 46;
	objects = {

/* Begin PBXBuildFile section */
		E756F6741E9F6CC000300C9D /* AppDelegate.swift in Sources */ = {isa = PBXBuildFile; fileRef = E756F6731E9F6CC000300C9D /* AppDelegate.swift */; };
		E756F6761E9F6CC000300C9D /* ViewController.swift in Sources */ = {isa = PBXBuildFile; fileRef = E756F6751E9F6CC000300C9D /* ViewController.swift */; };
		E756F6791E9F6CC000300C9D /* Main.storyboard in Resources */ = {isa = PBXBuildFile; fileRef = E756F6771E9F6CC000300C9D /* Main.storyboard */; };
		E756F67B1E9F6CC000300C9D /* Assets.xcassets in Resources */ = {isa = PBXBuildFile; fileRef = E756F67A1E9F6CC000300C9D /* Assets.xcassets */; };
		E756F67E1E9F6CC000300C9D /* LaunchScreen.storyboard in Resources */ = {isa = PBXBuildFile; fileRef = E756F67C1E9F6CC000300C9D /* LaunchScreen.storyboard */; };
		E756F6891E9F6D2F00300C9D /* NATagTextView.framework in Embed Frameworks */ = {isa = PBXBuildFile; fileRef = E756F6861E9F6CE600300C9D /* NATagTextView.framework */; settings = {ATTRIBUTES = (CodeSignOnCopy, RemoveHeadersOnCopy, ); }; };
		E756F68F1E9F703D00300C9D /* Info.plist in Resources */ = {isa = PBXBuildFile; fileRef = E756F68C1E9F703C00300C9D /* Info.plist */; };
		E756F6901E9F703D00300C9D /* NATagTextView.swift in Sources */ = {isa = PBXBuildFile; fileRef = E756F68E1E9F703D00300C9D /* NATagTextView.swift */; };
		E77AF7FE1E9FC8B400AF14E5 /* String.swift in Sources */ = {isa = PBXBuildFile; fileRef = E77AF7FD1E9FC8B400AF14E5 /* String.swift */; };
/* End PBXBuildFile section */

/* Begin PBXCopyFilesBuildPhase section */
		E756F68A1E9F6D2F00300C9D /* Embed Frameworks */ = {
			isa = PBXCopyFilesBuildPhase;
			buildActionMask = 2147483647;
			dstPath = "";
			dstSubfolderSpec = 10;
			files = (
				E756F6891E9F6D2F00300C9D /* NATagTextView.framework in Embed Frameworks */,
			);
			name = "Embed Frameworks";
			runOnlyForDeploymentPostprocessing = 0;
		};
/* End PBXCopyFilesBuildPhase section */

/* Begin PBXFileReference section */
		E756F6701E9F6CC000300C9D /* Demo.app */ = {isa = PBXFileReference; explicitFileType = wrapper.application; includeInIndex = 0; path = Demo.app; sourceTree = BUILT_PRODUCTS_DIR; };
		E756F6731E9F6CC000300C9D /* AppDelegate.swift */ = {isa = PBXFileReference; lastKnownFileType = sourcecode.swift; path = AppDelegate.swift; sourceTree = "<group>"; };
		E756F6751E9F6CC000300C9D /* ViewController.swift */ = {isa = PBXFileReference; lastKnownFileType = sourcecode.swift; path = ViewController.swift; sourceTree = "<group>"; };
		E756F6781E9F6CC000300C9D /* Base */ = {isa = PBXFileReference; lastKnownFileType = file.storyboard; name = Base; path = Base.lproj/Main.storyboard; sourceTree = "<group>"; };
		E756F67A1E9F6CC000300C9D /* Assets.xcassets */ = {isa = PBXFileReference; lastKnownFileType = folder.assetcatalog; path = Assets.xcassets; sourceTree = "<group>"; };
		E756F67D1E9F6CC000300C9D /* Base */ = {isa = PBXFileReference; lastKnownFileType = file.storyboard; name = Base; path = Base.lproj/LaunchScreen.storyboard; sourceTree = "<group>"; };
		E756F67F1E9F6CC000300C9D /* Info.plist */ = {isa = PBXFileReference; lastKnownFileType = text.plist.xml; path = Info.plist; sourceTree = "<group>"; };
		E756F6861E9F6CE600300C9D /* NATagTextView.framework */ = {isa = PBXFileReference; lastKnownFileType = wrapper.framework; name = NATagTextView.framework; path = ../Carthage/Build/iOS/NATagTextView.framework; sourceTree = "<group>"; };
		E756F68C1E9F703C00300C9D /* Info.plist */ = {isa = PBXFileReference; fileEncoding = 4; lastKnownFileType = text.plist.xml; path = Info.plist; sourceTree = "<group>"; };
		E756F68D1E9F703C00300C9D /* NATagTextView.h */ = {isa = PBXFileReference; fileEncoding = 4; lastKnownFileType = sourcecode.c.h; path = NATagTextView.h; sourceTree = "<group>"; };
		E756F68E1E9F703D00300C9D /* NATagTextView.swift */ = {isa = PBXFileReference; fileEncoding = 4; lastKnownFileType = sourcecode.swift; path = NATagTextView.swift; sourceTree = "<group>"; };
		E77AF7FD1E9FC8B400AF14E5 /* String.swift */ = {isa = PBXFileReference; fileEncoding = 4; lastKnownFileType = sourcecode.swift; name = String.swift; path = Extension/String.swift; sourceTree = "<group>"; };
/* End PBXFileReference section */

/* Begin PBXFrameworksBuildPhase section */
		E756F66D1E9F6CC000300C9D /* Frameworks */ = {
			isa = PBXFrameworksBuildPhase;
			buildActionMask = 2147483647;
			files = (
			);
			runOnlyForDeploymentPostprocessing = 0;
		};
/* End PBXFrameworksBuildPhase section */

/* Begin PBXGroup section */
		E756F6671E9F6CC000300C9D = {
			isa = PBXGroup;
			children = (
				E756F68B1E9F703C00300C9D /* NATagTextView */,
				E756F6721E9F6CC000300C9D /* Demo */,
				E756F6711E9F6CC000300C9D /* Products */,
				E756F6851E9F6CE600300C9D /* Frameworks */,
			);
			sourceTree = "<group>";
		};
		E756F6711E9F6CC000300C9D /* Products */ = {
			isa = PBXGroup;
			children = (
				E756F6701E9F6CC000300C9D /* Demo.app */,
			);
			name = Products;
			sourceTree = "<group>";
		};
		E756F6721E9F6CC000300C9D /* Demo */ = {
			isa = PBXGroup;
			children = (
				E756F6731E9F6CC000300C9D /* AppDelegate.swift */,
				E756F6751E9F6CC000300C9D /* ViewController.swift */,
				E756F6771E9F6CC000300C9D /* Main.storyboard */,
				E756F67A1E9F6CC000300C9D /* Assets.xcassets */,
				E756F67C1E9F6CC000300C9D /* LaunchScreen.storyboard */,
				E756F67F1E9F6CC000300C9D /* Info.plist */,
			);
			path = Demo;
			sourceTree = "<group>";
		};
		E756F6851E9F6CE600300C9D /* Frameworks */ = {
			isa = PBXGroup;
			children = (
				E756F6861E9F6CE600300C9D /* NATagTextView.framework */,
			);
			name = Frameworks;
			sourceTree = "<group>";
		};
		E756F68B1E9F703C00300C9D /* NATagTextView */ = {
			isa = PBXGroup;
			children = (
				E756F68C1E9F703C00300C9D /* Info.plist */,
				E756F68D1E9F703C00300C9D /* NATagTextView.h */,
				E756F68E1E9F703D00300C9D /* NATagTextView.swift */,
				E756F6951E9F8A5C00300C9D /* Extension */,
			);
			name = NATagTextView;
			path = ../NATagTextView;
			sourceTree = "<group>";
		};
		E756F6951E9F8A5C00300C9D /* Extension */ = {
			isa = PBXGroup;
			children = (
				E77AF7FD1E9FC8B400AF14E5 /* String.swift */,
			);
			name = Extension;
			sourceTree = "<group>";
		};
/* End PBXGroup section */

/* Begin PBXNativeTarget section */
		E756F66F1E9F6CC000300C9D /* Demo */ = {
			isa = PBXNativeTarget;
			buildConfigurationList = E756F6821E9F6CC000300C9D /* Build configuration list for PBXNativeTarget "Demo" */;
			buildPhases = (
				E756F66C1E9F6CC000300C9D /* Sources */,
				E756F66D1E9F6CC000300C9D /* Frameworks */,
				E756F66E1E9F6CC000300C9D /* Resources */,
				E756F68A1E9F6D2F00300C9D /* Embed Frameworks */,
			);
			buildRules = (
			);
			dependencies = (
			);
			name = Demo;
			productName = Demo;
			productReference = E756F6701E9F6CC000300C9D /* Demo.app */;
			productType = "com.apple.product-type.application";
		};
/* End PBXNativeTarget section */

/* Begin PBXProject section */
		E756F6681E9F6CC000300C9D /* Project object */ = {
			isa = PBXProject;
			attributes = {
				LastSwiftUpdateCheck = 0830;
				LastUpgradeCheck = 0830;
				ORGANIZATIONNAME = "Atsuya Sato";
				TargetAttributes = {
					E756F66F1E9F6CC000300C9D = {
						CreatedOnToolsVersion = 8.3.1;
						DevelopmentTeam = DEQGLB9PU4;
						ProvisioningStyle = Automatic;
					};
				};
			};
			buildConfigurationList = E756F66B1E9F6CC000300C9D /* Build configuration list for PBXProject "Demo" */;
			compatibilityVersion = "Xcode 3.2";
			developmentRegion = English;
			hasScannedForEncodings = 0;
			knownRegions = (
				en,
				Base,
			);
			mainGroup = E756F6671E9F6CC000300C9D;
			productRefGroup = E756F6711E9F6CC000300C9D /* Products */;
			projectDirPath = "";
			projectRoot = "";
			targets = (
				E756F66F1E9F6CC000300C9D /* Demo */,
			);
		};
/* End PBXProject section */

/* Begin PBXResourcesBuildPhase section */
		E756F66E1E9F6CC000300C9D /* Resources */ = {
			isa = PBXResourcesBuildPhase;
			buildActionMask = 2147483647;
			files = (
				E756F68F1E9F703D00300C9D /* Info.plist in Resources */,
				E756F67E1E9F6CC000300C9D /* LaunchScreen.storyboard in Resources */,
				E756F67B1E9F6CC000300C9D /* Assets.xcassets in Resources */,
				E756F6791E9F6CC000300C9D /* Main.storyboard in Resources */,
			);
			runOnlyForDeploymentPostprocessing = 0;
		};
/* End PBXResourcesBuildPhase section */

/* Begin PBXSourcesBuildPhase section */
		E756F66C1E9F6CC000300C9D /* Sources */ = {
			isa = PBXSourcesBuildPhase;
			buildActionMask = 2147483647;
			files = (
				E756F6901E9F703D00300C9D /* NATagTextView.swift in Sources */,
				E756F6761E9F6CC000300C9D /* ViewController.swift in Sources */,
				E77AF7FE1E9FC8B400AF14E5 /* String.swift in Sources */,
				E756F6741E9F6CC000300C9D /* AppDelegate.swift in Sources */,
			);
			runOnlyForDeploymentPostprocessing = 0;
		};
/* End PBXSourcesBuildPhase section */

/* Begin PBXVariantGroup section */
		E756F6771E9F6CC000300C9D /* Main.storyboard */ = {
			isa = PBXVariantGroup;
			children = (
				E756F6781E9F6CC000300C9D /* Base */,
			);
			name = Main.storyboard;
			sourceTree = "<group>";
		};
		E756F67C1E9F6CC000300C9D /* LaunchScreen.storyboard */ = {
			isa = PBXVariantGroup;
			children = (
				E756F67D1E9F6CC000300C9D /* Base */,
			);
			name = LaunchScreen.storyboard;
			sourceTree = "<group>";
		};
/* End PBXVariantGroup section */

/* Begin XCBuildConfiguration section */
		E756F6801E9F6CC000300C9D /* Debug */ = {
			isa = XCBuildConfiguration;
			buildSettings = {
				ALWAYS_SEARCH_USER_PATHS = NO;
				CLANG_ANALYZER_NONNULL = YES;
				CLANG_ANALYZER_NUMBER_OBJECT_CONVERSION = YES_AGGRESSIVE;
				CLANG_CXX_LANGUAGE_STANDARD = "gnu++0x";
				CLANG_CXX_LIBRARY = "libc++";
				CLANG_ENABLE_MODULES = YES;
				CLANG_ENABLE_OBJC_ARC = YES;
				CLANG_WARN_BOOL_CONVERSION = YES;
				CLANG_WARN_CONSTANT_CONVERSION = YES;
				CLANG_WARN_DIRECT_OBJC_ISA_USAGE = YES_ERROR;
				CLANG_WARN_DOCUMENTATION_COMMENTS = YES;
				CLANG_WARN_EMPTY_BODY = YES;
				CLANG_WARN_ENUM_CONVERSION = YES;
				CLANG_WARN_INFINITE_RECURSION = YES;
				CLANG_WARN_INT_CONVERSION = YES;
				CLANG_WARN_OBJC_ROOT_CLASS = YES_ERROR;
				CLANG_WARN_SUSPICIOUS_MOVE = YES;
				CLANG_WARN_UNREACHABLE_CODE = YES;
				CLANG_WARN__DUPLICATE_METHOD_MATCH = YES;
				"CODE_SIGN_IDENTITY[sdk=iphoneos*]" = "iPhone Developer";
				COPY_PHASE_STRIP = NO;
				DEBUG_INFORMATION_FORMAT = dwarf;
				ENABLE_STRICT_OBJC_MSGSEND = YES;
				ENABLE_TESTABILITY = YES;
				GCC_C_LANGUAGE_STANDARD = gnu99;
				GCC_DYNAMIC_NO_PIC = NO;
				GCC_NO_COMMON_BLOCKS = YES;
				GCC_OPTIMIZATION_LEVEL = 0;
				GCC_PREPROCESSOR_DEFINITIONS = (
					"DEBUG=1",
					"$(inherited)",
				);
				GCC_WARN_64_TO_32_BIT_CONVERSION = YES;
				GCC_WARN_ABOUT_RETURN_TYPE = YES_ERROR;
				GCC_WARN_UNDECLARED_SELECTOR = YES;
				GCC_WARN_UNINITIALIZED_AUTOS = YES_AGGRESSIVE;
				GCC_WARN_UNUSED_FUNCTION = YES;
				GCC_WARN_UNUSED_VARIABLE = YES;
				IPHONEOS_DEPLOYMENT_TARGET = 10.3;
				MTL_ENABLE_DEBUG_INFO = YES;
				ONLY_ACTIVE_ARCH = YES;
				SDKROOT = iphoneos;
				SWIFT_ACTIVE_COMPILATION_CONDITIONS = DEBUG;
				SWIFT_OPTIMIZATION_LEVEL = "-Onone";
			};
			name = Debug;
		};
		E756F6811E9F6CC000300C9D /* Release */ = {
			isa = XCBuildConfiguration;
			buildSettings = {
				ALWAYS_SEARCH_USER_PATHS = NO;
				CLANG_ANALYZER_NONNULL = YES;
				CLANG_ANALYZER_NUMBER_OBJECT_CONVERSION = YES_AGGRESSIVE;
				CLANG_CXX_LANGUAGE_STANDARD = "gnu++0x";
				CLANG_CXX_LIBRARY = "libc++";
				CLANG_ENABLE_MODULES = YES;
				CLANG_ENABLE_OBJC_ARC = YES;
				CLANG_WARN_BOOL_CONVERSION = YES;
				CLANG_WARN_CONSTANT_CONVERSION = YES;
				CLANG_WARN_DIRECT_OBJC_ISA_USAGE = YES_ERROR;
				CLANG_WARN_DOCUMENTATION_COMMENTS = YES;
				CLANG_WARN_EMPTY_BODY = YES;
				CLANG_WARN_ENUM_CONVERSION = YES;
				CLANG_WARN_INFINITE_RECURSION = YES;
				CLANG_WARN_INT_CONVERSION = YES;
				CLANG_WARN_OBJC_ROOT_CLASS = YES_ERROR;
				CLANG_WARN_SUSPICIOUS_MOVE = YES;
				CLANG_WARN_UNREACHABLE_CODE = YES;
				CLANG_WARN__DUPLICATE_METHOD_MATCH = YES;
				"CODE_SIGN_IDENTITY[sdk=iphoneos*]" = "iPhone Developer";
				COPY_PHASE_STRIP = NO;
				DEBUG_INFORMATION_FORMAT = "dwarf-with-dsym";
				ENABLE_NS_ASSERTIONS = NO;
				ENABLE_STRICT_OBJC_MSGSEND = YES;
				GCC_C_LANGUAGE_STANDARD = gnu99;
				GCC_NO_COMMON_BLOCKS = YES;
				GCC_WARN_64_TO_32_BIT_CONVERSION = YES;
				GCC_WARN_ABOUT_RETURN_TYPE = YES_ERROR;
				GCC_WARN_UNDECLARED_SELECTOR = YES;
				GCC_WARN_UNINITIALIZED_AUTOS = YES_AGGRESSIVE;
				GCC_WARN_UNUSED_FUNCTION = YES;
				GCC_WARN_UNUSED_VARIABLE = YES;
				IPHONEOS_DEPLOYMENT_TARGET = 10.3;
				MTL_ENABLE_DEBUG_INFO = NO;
				SDKROOT = iphoneos;
				SWIFT_OPTIMIZATION_LEVEL = "-Owholemodule";
				VALIDATE_PRODUCT = YES;
			};
			name = Release;
		};
		E756F6831E9F6CC000300C9D /* Debug */ = {
			isa = XCBuildConfiguration;
			buildSettings = {
				ASSETCATALOG_COMPILER_APPICON_NAME = AppIcon;
				DEVELOPMENT_TEAM = DEQGLB9PU4;
				INFOPLIST_FILE = Demo/Info.plist;
				LD_RUNPATH_SEARCH_PATHS = "$(inherited) @executable_path/Frameworks";
				PRODUCT_BUNDLE_IDENTIFIER = io.github.natmark.Demo;
				PRODUCT_NAME = "$(TARGET_NAME)";
				SWIFT_VERSION = 3.0;
			};
			name = Debug;
		};
		E756F6841E9F6CC000300C9D /* Release */ = {
			isa = XCBuildConfiguration;
			buildSettings = {
				ASSETCATALOG_COMPILER_APPICON_NAME = AppIcon;
				DEVELOPMENT_TEAM = DEQGLB9PU4;
				INFOPLIST_FILE = Demo/Info.plist;
				LD_RUNPATH_SEARCH_PATHS = "$(inherited) @executable_path/Frameworks";
				PRODUCT_BUNDLE_IDENTIFIER = io.github.natmark.Demo;
				PRODUCT_NAME = "$(TARGET_NAME)";
				SWIFT_VERSION = 3.0;
			};
			name = Release;
		};
/* End XCBuildConfiguration section */

/* Begin XCConfigurationList section */
		E756F66B1E9F6CC000300C9D /* Build configuration list for PBXProject "Demo" */ = {
			isa = XCConfigurationList;
			buildConfigurations = (
				E756F6801E9F6CC000300C9D /* Debug */,
				E756F6811E9F6CC000300C9D /* Release */,
			);
			defaultConfigurationIsVisible = 0;
			defaultConfigurationName = Release;
		};
		E756F6821E9F6CC000300C9D /* Build configuration list for PBXNativeTarget "Demo" */ = {
			isa = XCConfigurationList;
			buildConfigurations = (
				E756F6831E9F6CC000300C9D /* Debug */,
				E756F6841E9F6CC000300C9D /* Release */,
			);
			defaultConfigurationIsVisible = 0;
			defaultConfigurationName = Release;
		};
/* End XCConfigurationList section */
	};
	rootObject = E756F6681E9F6CC000300C9D /* Project object */;
}
